
Microsoft Visual Studio Solution File, Format Version 12.00
# Visual Studio Version 17
VisualStudioVersion = 17.13.35828.75 d17.13
MinimumVisualStudioVersion = 10.0.40219.1
Project("{FAE04EC0-301F-11D3-BF4B-00C04F79EFBC}") = "Login-System", "Login-System\Login-System.csproj", "{637A375A-312A-4BA0-BB7F-7C0C833DD2DB}"
EndProject
Global
	GlobalSection(SolutionConfigurationPlatforms) = preSolution
		Debug|Any CPU = Debug|Any CPU
		Release|Any CPU = Release|Any CPU
	EndGlobalSection
	GlobalSection(ProjectConfigurationPlatforms) = postSolution
		{637A375A-312A-4BA0-BB7F-7C0C833DD2DB}.Debug|Any CPU.ActiveCfg = Debug|Any CPU
		{637A375A-312A-4BA0-BB7F-7C0C833DD2DB}.Debug|Any CPU.Build.0 = Debug|Any CPU
		{637A375A-312A-4BA0-BB7F-7C0C833DD2DB}.Release|Any CPU.ActiveCfg = Release|Any CPU
		{637A375A-312A-4BA0-BB7F-7C0C833DD2DB}.Release|Any CPU.Build.0 = Release|Any CPU
	EndGlobalSection
	GlobalSection(SolutionProperties) = preSolution
		HideSolutionNode = FALSE
	EndGlobalSection
	GlobalSection(ExtensibilityGlobals) = postSolution
		SolutionGuid = {B39BAFE1-51E0-401A-BA52-89F7A9AFCAA5}
	EndGlobalSection
EndGlobal
